<?xml version="1.0" encoding="utf-8"?>
<Project ToolsVersion="4.0" xmlns="http://schemas.microsoft.com/developer/msbuild/2003">
  <ItemGroup>
    <ApplicationDefinition Include="App.xaml" />
  </ItemGroup>
  <ItemGroup>
    <Page Include="MainWindow.xaml" />
    <Page Include="HomePage.xaml" />
    <Page Include="AutoSuggestPage.xaml" />
    <Page Include="ButtonPage.xaml" />
    <Page Include="PhotoGallery.xaml" />
    <Page Include="ToggleSwitchPage.xaml" />
    <Page Include="FloatingElementPage.xaml" />
    <Page Include="FloatingStackPanel.xaml" />
    <Page Include="ConnectedAnimation.xaml" />
    <Page Include="LottieIcon.xaml" />
  </ItemGroup>
  <ItemGroup>
    <Midl Include="MainWindow.idl" />
    <Midl Include="AnimatedLogo.idl">
      <Filter>AnimatedLogoFolder</Filter>
    </Midl>
  </ItemGroup>
  <ItemGroup>
    <ClCompile Include="pch.cpp" />
    <ClCompile Include="$(GeneratedFilesDir)module.g.cpp" />
    <ClCompile Include="AnimatedLogo.cpp">
      <Filter>AnimatedLogoFolder</Filter>
    </ClCompile>
  </ItemGroup>
  <ItemGroup>
    <ClInclude Include="pch.h" />
    <ClInclude Include="AnimatedLogo.h">
      <Filter>AnimatedLogoFolder</Filter>
    </ClInclude>
  </ItemGroup>
  <ItemGroup>
    <Image Include="Assets\Wide310x150Logo.scale-200.png">
      <Filter>Assets</Filter>
    </Image>
    <Image Include="Assets\StoreLogo.png">
      <Filter>Assets</Filter>
    </Image>
    <Image Include="Assets\Square150x150Logo.scale-200.png">
      <Filter>Assets</Filter>
    </Image>
    <Image Include="Assets\Square44x44Logo.targetsize-24_altform-unplated.png">
      <Filter>Assets</Filter>
    </Image>
    <Image Include="Assets\Square44x44Logo.scale-200.png">
      <Filter>Assets</Filter>
    </Image>
    <Image Include="Assets\SplashScreen.scale-200.png">
      <Filter>Assets</Filter>
    </Image>
    <Image Include="Assets\LockScreenLogo.scale-200.png">
      <Filter>Assets</Filter>
    </Image>
    <Image Include="Assets\R.png">
      <Filter>Assets</Filter>
    </Image>
    <Image Include="Assets\awr.png">
      <Filter>Assets</Filter>
    </Image>
    <Image Include="Assets\ai.png">
      <Filter>Assets</Filter>
    </Image>
    <Image Include="Assets\clang.png">
      <Filter>Assets</Filter>
    </Image>
    <Image Include="Assets\wattspeed.png">
      <Filter>Assets</Filter>
    </Image>
    <Image Include="Assets\awr_logo.png">
      <Filter>Assets</Filter>
    </Image>
    <Image Include="Assets\clang_logo.png">
      <Filter>Assets</Filter>
    </Image>
    <Image Include="Assets\wattspeed_logo.png">
      <Filter>Assets</Filter>
    </Image>
    <Image Include="Assets\ai_logo.png">
      <Filter>Assets</Filter>
    </Image>
    <Image Include="Assets\bytes.png">
      <Filter>Assets</Filter>
    </Image>
    <Image Include="Assets\bytes_logo.png">
      <Filter>Assets</Filter>
    </Image>
    <Image Include="Assets\caphyon_logo.png">
      <Filter>Assets</Filter>
    </Image>
    <Image Include="Assets\ai_logo_img.png">
      <Filter>Assets</Filter>
    </Image>
    <Image Include="Assets\simple_logo.png">
      <Filter>Assets</Filter>
    </Image>
    <Image Include="Assets\app_ss.png">
      <Filter>Assets</Filter>
    </Image>
    <Image Include="Assets\esrb.png">
      <Filter>Assets</Filter>
    </Image>
  </ItemGroup>
  <ItemGroup>
    <Filter Include="Assets">
      <UniqueIdentifier>{8eca5124-ee32-4220-a026-d063b9129c5c}</UniqueIdentifier>
    </Filter>
    <Filter Include="AnimatedLogo">
      <UniqueIdentifier>{f37dff32-1090-4a5d-844e-0c9744783b46}</UniqueIdentifier>
    </Filter>
    <Filter Include="AnimatedLogoFolder">
      <UniqueIdentifier>{93459d71-5f3b-4396-97d0-5afc9485cfbd}</UniqueIdentifier>
    </Filter>
  </ItemGroup>
  <ItemGroup>
    <Text Include="readme.txt" />
  </ItemGroup>
  <ItemGroup>
    <Manifest Include="app.manifest" />
  </ItemGroup>
  <ItemGroup>
    <AppxManifest Include="Package.appxmanifest" />
  </ItemGroup>
  <ItemGroup>
    <None Include="packages.config" />
  </ItemGroup>
  <ItemGroup>
    <Natvis Include="$(MSBuildThisFileDirectory)..\..\natvis\wil.natvis" />
  </ItemGroup>
</Project>